{
    "_meta": {
        "hash": {
            "sha256": "5c056af326e89a0b387af1c35e3b8a71683b51b8b38def2372c0b5b6da02cf23"
        },
        "pipfile-spec": 6,
        "requires": {
            "python_version": "3.12"
        },
        "sources": [
            {
                "name": "pypi",
                "url": "https://pypi.org/simple",
                "verify_ssl": true
            }
        ]
    },
    "default": {
        "pysatl": {
            "hashes": [
                "sha256:9a832e1a35c99d2169df4d0e5367a976f7506d0288c95830cf1a8958abc045f2",
                "sha256:fe7b537b92d2ec4882aa18fb4737d494186d008bf99a431776db165556510870"
            ],
            "index": "pypi",
            "markers": "python_version >= '3.6'",
            "version": "==1.2.6"
        },
        "pyserial": {
            "hashes": [
                "sha256:3c77e014170dfffbd816e6ffc205e9842efb10be9f58ec16d3e8675b4925cddb",
                "sha256:c4451db6ba391ca6ca299fb3ec7bae67a5c55dde170964c7a14ceefec02f2cf0"
            ],
            "index": "pypi",
            "version": "==3.5"
        }
    },
    "develop": {}
}
